// !$*UTF8*$!
{
	archiveVersion = 1;
	classes = {
	};
	objectVersion = 50;
	objects = {

/* Begin PBXBuildFile section */
		07F4B1C62285EFE1009B07AE /* AppDelegate.swift in Sources */ = {isa = PBXBuildFile; fileRef = 07F4B1C52285EFE1009B07AE /* AppDelegate.swift */; };
		07F4B1CB2285EFE1009B07AE /* Main.storyboard in Resources */ = {isa = PBXBuildFile; fileRef = 07F4B1C92285EFE1009B07AE /* Main.storyboard */; };
		07F4B1CD2285EFE3009B07AE /* Assets.xcassets in Resources */ = {isa = PBXBuildFile; fileRef = 07F4B1CC2285EFE3009B07AE /* Assets.xcassets */; };
		07F4B1D02285EFE3009B07AE /* LaunchScreen.storyboard in Resources */ = {isa = PBXBuildFile; fileRef = 07F4B1CE2285EFE3009B07AE /* LaunchScreen.storyboard */; };
		07F4B1D82285F110009B07AE /* LoginViewController.swift in Sources */ = {isa = PBXBuildFile; fileRef = 07F4B1D72285F110009B07AE /* LoginViewController.swift */; };
		07F4B1DA2285F207009B07AE /* ChatViewController.swift in Sources */ = {isa = PBXBuildFile; fileRef = 07F4B1D92285F207009B07AE /* ChatViewController.swift */; };
		07F4B1E52286006C009B07AE /* logout.png in Resources */ = {isa = PBXBuildFile; fileRef = 07F4B1DE2286006C009B07AE /* logout.png */; };
		07F4B1E62286006C009B07AE /* OrLine.png in Resources */ = {isa = PBXBuildFile; fileRef = 07F4B1DF2286006C009B07AE /* OrLine.png */; };
		07F4B1E72286006C009B07AE /* backgroundPhoto.png in Resources */ = {isa = PBXBuildFile; fileRef = 07F4B1E02286006C009B07AE /* backgroundPhoto.png */; };
		07F4B1E82286006C009B07AE /* profileImage.png in Resources */ = {isa = PBXBuildFile; fileRef = 07F4B1E12286006C009B07AE /* profileImage.png */; };
		07F4B1E92286006C009B07AE /* logout@3x.png in Resources */ = {isa = PBXBuildFile; fileRef = 07F4B1E22286006C009B07AE /* logout@3x.png */; };
		07F4B1EA2286006C009B07AE /* logout@2x.png in Resources */ = {isa = PBXBuildFile; fileRef = 07F4B1E32286006C009B07AE /* logout@2x.png */; };
		07F4B1EB2286006C009B07AE /* googleButton.png in Resources */ = {isa = PBXBuildFile; fileRef = 07F4B1E42286006C009B07AE /* googleButton.png */; };
		07F4B1ED22861F4C009B07AE /* GoogleService-Info (1).plist in Resources */ = {isa = PBXBuildFile; fileRef = 07F4B1EC22861F4C009B07AE /* GoogleService-Info (1).plist */; };
		177C20648BD5F33F16270812 /* Pods_ChatApp.framework in Frameworks */ = {isa = PBXBuildFile; fileRef = B689C6690226F3A8B131B607 /* Pods_ChatApp.framework */; };
/* End PBXBuildFile section */

/* Begin PBXFileReference section */
		07F4B1C22285EFE1009B07AE /* ChatApp.app */ = {isa = PBXFileReference; explicitFileType = wrapper.application; includeInIndex = 0; path = ChatApp.app; sourceTree = BUILT_PRODUCTS_DIR; };
		07F4B1C52285EFE1009B07AE /* AppDelegate.swift */ = {isa = PBXFileReference; lastKnownFileType = sourcecode.swift; path = AppDelegate.swift; sourceTree = "<group>"; };
		07F4B1CA2285EFE1009B07AE /* Base */ = {isa = PBXFileReference; lastKnownFileType = file.storyboard; name = Base; path = Base.lproj/Main.storyboard; sourceTree = "<group>"; };
		07F4B1CC2285EFE3009B07AE /* Assets.xcassets */ = {isa = PBXFileReference; lastKnownFileType = folder.assetcatalog; path = Assets.xcassets; sourceTree = "<group>"; };
		07F4B1CF2285EFE3009B07AE /* Base */ = {isa = PBXFileReference; lastKnownFileType = file.storyboard; name = Base; path = Base.lproj/LaunchScreen.storyboard; sourceTree = "<group>"; };
		07F4B1D12285EFE3009B07AE /* Info.plist */ = {isa = PBXFileReference; lastKnownFileType = text.plist.xml; path = Info.plist; sourceTree = "<group>"; };
		07F4B1D72285F110009B07AE /* LoginViewController.swift */ = {isa = PBXFileReference; lastKnownFileType = sourcecode.swift; path = LoginViewController.swift; sourceTree = "<group>"; };
		07F4B1D92285F207009B07AE /* ChatViewController.swift */ = {isa = PBXFileReference; lastKnownFileType = sourcecode.swift; path = ChatViewController.swift; sourceTree = "<group>"; };
		07F4B1DE2286006C009B07AE /* logout.png */ = {isa = PBXFileReference; lastKnownFileType = image.png; path = logout.png; sourceTree = "<group>"; };
		07F4B1DF2286006C009B07AE /* OrLine.png */ = {isa = PBXFileReference; lastKnownFileType = image.png; path = OrLine.png; sourceTree = "<group>"; };
		07F4B1E02286006C009B07AE /* backgroundPhoto.png */ = {isa = PBXFileReference; lastKnownFileType = image.png; path = backgroundPhoto.png; sourceTree = "<group>"; };
		07F4B1E12286006C009B07AE /* profileImage.png */ = {isa = PBXFileReference; lastKnownFileType = image.png; path = profileImage.png; sourceTree = "<group>"; };
		07F4B1E22286006C009B07AE /* logout@3x.png */ = {isa = PBXFileReference; lastKnownFileType = image.png; path = "logout@3x.png"; sourceTree = "<group>"; };
		07F4B1E32286006C009B07AE /* logout@2x.png */ = {isa = PBXFileReference; lastKnownFileType = image.png; path = "logout@2x.png"; sourceTree = "<group>"; };
		07F4B1E42286006C009B07AE /* googleButton.png */ = {isa = PBXFileReference; lastKnownFileType = image.png; path = googleButton.png; sourceTree = "<group>"; };
		07F4B1EC22861F4C009B07AE /* GoogleService-Info (1).plist */ = {isa = PBXFileReference; fileEncoding = 4; lastKnownFileType = text.plist.xml; path = "GoogleService-Info (1).plist"; sourceTree = "<group>"; };
		7AC151E0419738A131F48958 /* Pods-ChatApp.release.xcconfig */ = {isa = PBXFileReference; includeInIndex = 1; lastKnownFileType = text.xcconfig; name = "Pods-ChatApp.release.xcconfig"; path = "Pods/Target Support Files/Pods-ChatApp/Pods-ChatApp.release.xcconfig"; sourceTree = "<group>"; };
		B689C6690226F3A8B131B607 /* Pods_ChatApp.framework */ = {isa = PBXFileReference; explicitFileType = wrapper.framework; includeInIndex = 0; path = Pods_ChatApp.framework; sourceTree = BUILT_PRODUCTS_DIR; };
		C407C5400B0CE528C5B9FDE6 /* Pods-ChatApp.debug.xcconfig */ = {isa = PBXFileReference; includeInIndex = 1; lastKnownFileType = text.xcconfig; name = "Pods-ChatApp.debug.xcconfig"; path = "Pods/Target Support Files/Pods-ChatApp/Pods-ChatApp.debug.xcconfig"; sourceTree = "<group>"; };
/* End PBXFileReference section */

/* Begin PBXFrameworksBuildPhase section */
		07F4B1BF2285EFE1009B07AE /* Frameworks */ = {
			isa = PBXFrameworksBuildPhase;
			buildActionMask = 2147483647;
			files = (
				177C20648BD5F33F16270812 /* Pods_ChatApp.framework in Frameworks */,
			);
			runOnlyForDeploymentPostprocessing = 0;
		};
/* End PBXFrameworksBuildPhase section */

/* Begin PBXGroup section */
		07F4B1B92285EFE1009B07AE = {
			isa = PBXGroup;
			children = (
				07F4B1C42285EFE1009B07AE /* ChatApp */,
				07F4B1C32285EFE1009B07AE /* Products */,
				D47CF61F4C4A6BEC0589302F /* Pods */,
				F9951D6CAA2157404A1CEB06 /* Frameworks */,
			);
			sourceTree = "<group>";
		};
		07F4B1C32285EFE1009B07AE /* Products */ = {
			isa = PBXGroup;
			children = (
				07F4B1C22285EFE1009B07AE /* ChatApp.app */,
			);
			name = Products;
			sourceTree = "<group>";
		};
		07F4B1C42285EFE1009B07AE /* ChatApp */ = {
			isa = PBXGroup;
			children = (
				07F4B1C52285EFE1009B07AE /* AppDelegate.swift */,
				07F4B1DD2286004B009B07AE /* Resources */,
				07F4B1C92285EFE1009B07AE /* Main.storyboard */,
				07F4B1D92285F207009B07AE /* ChatViewController.swift */,
				07F4B1D72285F110009B07AE /* LoginViewController.swift */,
				07F4B1CC2285EFE3009B07AE /* Assets.xcassets */,
				07F4B1CE2285EFE3009B07AE /* LaunchScreen.storyboard */,
				07F4B1D12285EFE3009B07AE /* Info.plist */,
				07F4B1EC22861F4C009B07AE /* GoogleService-Info (1).plist */,
			);
			path = ChatApp;
			sourceTree = "<group>";
		};
		07F4B1DD2286004B009B07AE /* Resources */ = {
			isa = PBXGroup;
			children = (
				07F4B1E02286006C009B07AE /* backgroundPhoto.png */,
				07F4B1E42286006C009B07AE /* googleButton.png */,
				07F4B1DE2286006C009B07AE /* logout.png */,
				07F4B1E32286006C009B07AE /* logout@2x.png */,
				07F4B1E22286006C009B07AE /* logout@3x.png */,
				07F4B1DF2286006C009B07AE /* OrLine.png */,
				07F4B1E12286006C009B07AE /* profileImage.png */,
			);
			path = Resources;
			sourceTree = "<group>";
		};
		D47CF61F4C4A6BEC0589302F /* Pods */ = {
			isa = PBXGroup;
			children = (
				C407C5400B0CE528C5B9FDE6 /* Pods-ChatApp.debug.xcconfig */,
				7AC151E0419738A131F48958 /* Pods-ChatApp.release.xcconfig */,
			);
			name = Pods;
			sourceTree = "<group>";
		};
		F9951D6CAA2157404A1CEB06 /* Frameworks */ = {
			isa = PBXGroup;
			children = (
				B689C6690226F3A8B131B607 /* Pods_ChatApp.framework */,
			);
			name = Frameworks;
			sourceTree = "<group>";
		};
/* End PBXGroup section */

/* Begin PBXNativeTarget section */
		07F4B1C12285EFE1009B07AE /* ChatApp */ = {
			isa = PBXNativeTarget;
			buildConfigurationList = 07F4B1D42285EFE3009B07AE /* Build configuration list for PBXNativeTarget "ChatApp" */;
			buildPhases = (
				1BD4831E2FC57DE66AB405BD /* [CP] Check Pods Manifest.lock */,
				07F4B1BE2285EFE1009B07AE /* Sources */,
				07F4B1BF2285EFE1009B07AE /* Frameworks */,
				07F4B1C02285EFE1009B07AE /* Resources */,
				9982302DE7027293193620B2 /* [CP] Embed Pods Frameworks */,
			);
			buildRules = (
			);
			dependencies = (
			);
			name = ChatApp;
			productName = ChatApp;
			productReference = 07F4B1C22285EFE1009B07AE /* ChatApp.app */;
			productType = "com.apple.product-type.application";
		};
/* End PBXNativeTarget section */

/* Begin PBXProject section */
		07F4B1BA2285EFE1009B07AE /* Project object */ = {
			isa = PBXProject;
			attributes = {
				LastSwiftUpdateCheck = 1020;
				LastUpgradeCheck = 1020;
				ORGANIZATIONNAME = Erica;
				TargetAttributes = {
					07F4B1C12285EFE1009B07AE = {
						CreatedOnToolsVersion = 10.2.1;
					};
				};
			};
			buildConfigurationList = 07F4B1BD2285EFE1009B07AE /* Build configuration list for PBXProject "ChatApp" */;
			compatibilityVersion = "Xcode 9.3";
			developmentRegion = en;
			hasScannedForEncodings = 0;
			knownRegions = (
				en,
				Base,
			);
			mainGroup = 07F4B1B92285EFE1009B07AE;
			productRefGroup = 07F4B1C32285EFE1009B07AE /* Products */;
			projectDirPath = "";
			projectRoot = "";
			targets = (
				07F4B1C12285EFE1009B07AE /* ChatApp */,
			);
		};
/* End PBXProject section */

/* Begin PBXResourcesBuildPhase section */
		07F4B1C02285EFE1009B07AE /* Resources */ = {
			isa = PBXResourcesBuildPhase;
			buildActionMask = 2147483647;
			files = (
				07F4B1D02285EFE3009B07AE /* LaunchScreen.storyboard in Resources */,
				07F4B1CD2285EFE3009B07AE /* Assets.xcassets in Resources */,
				07F4B1E82286006C009B07AE /* profileImage.png in Resources */,
				07F4B1E72286006C009B07AE /* backgroundPhoto.png in Resources */,
				07F4B1EB2286006C009B07AE /* googleButton.png in Resources */,
				07F4B1CB2285EFE1009B07AE /* Main.storyboard in Resources */,
				07F4B1EA2286006C009B07AE /* logout@2x.png in Resources */,
				07F4B1E92286006C009B07AE /* logout@3x.png in Resources */,
				07F4B1E62286006C009B07AE /* OrLine.png in Resources */,
				07F4B1ED22861F4C009B07AE /* GoogleService-Info (1).plist in Resources */,
				07F4B1E52286006C009B07AE /* logout.png in Resources */,
			);
			runOnlyForDeploymentPostprocessing = 0;
		};
/* End PBXResourcesBuildPhase section */

/* Begin PBXShellScriptBuildPhase section */
		1BD4831E2FC57DE66AB405BD /* [CP] Check Pods Manifest.lock */ = {
			isa = PBXShellScriptBuildPhase;
			buildActionMask = 2147483647;
			files = (
			);
			inputFileListPaths = (
			);
			inputPaths = (
				"${PODS_PODFILE_DIR_PATH}/Podfile.lock",
				"${PODS_ROOT}/Manifest.lock",
			);
			name = "[CP] Check Pods Manifest.lock";
			outputFileListPaths = (
			);
			outputPaths = (
				"$(DERIVED_FILE_DIR)/Pods-ChatApp-checkManifestLockResult.txt",
			);
			runOnlyForDeploymentPostprocessing = 0;
			shellPath = /bin/sh;
			shellScript = "diff \"${PODS_PODFILE_DIR_PATH}/Podfile.lock\" \"${PODS_ROOT}/Manifest.lock\" > /dev/null\nif [ $? != 0 ] ; then\n    # print error to STDERR\n    echo \"error: The sandbox is not in sync with the Podfile.lock. Run 'pod install' or update your CocoaPods installation.\" >&2\n    exit 1\nfi\n# This output is used by Xcode 'outputs' to avoid re-running this script phase.\necho \"SUCCESS\" > \"${SCRIPT_OUTPUT_FILE_0}\"\n";
			showEnvVarsInLog = 0;
		};
		9982302DE7027293193620B2 /* [CP] Embed Pods Frameworks */ = {
			isa = PBXShellScriptBuildPhase;
			buildActionMask = 2147483647;
			files = (
			);
			inputFileListPaths = (
			);
			inputPaths = (
				"${SRCROOT}/Pods/Target Support Files/Pods-ChatApp/Pods-ChatApp-frameworks.sh",
				"${BUILT_PRODUCTS_DIR}/GoogleUtilities/GoogleUtilities.framework",
				"${BUILT_PRODUCTS_DIR}/nanopb/nanopb.framework",
			);
			name = "[CP] Embed Pods Frameworks";
			outputFileListPaths = (
			);
			outputPaths = (
				"${TARGET_BUILD_DIR}/${FRAMEWORKS_FOLDER_PATH}/GoogleUtilities.framework",
				"${TARGET_BUILD_DIR}/${FRAMEWORKS_FOLDER_PATH}/nanopb.framework",
			);
			runOnlyForDeploymentPostprocessing = 0;
			shellPath = /bin/sh;
			shellScript = "\"${SRCROOT}/Pods/Target Support Files/Pods-ChatApp/Pods-ChatApp-frameworks.sh\"\n";
			showEnvVarsInLog = 0;
		};
/* End PBXShellScriptBuildPhase section */

/* Begin PBXSourcesBuildPhase section */
		07F4B1BE2285EFE1009B07AE /* Sources */ = {
			isa = PBXSourcesBuildPhase;
			buildActionMask = 2147483647;
			files = (
				07F4B1D82285F110009B07AE /* LoginViewController.swift in Sources */,
				07F4B1DA2285F207009B07AE /* ChatViewController.swift in Sources */,
				07F4B1C62285EFE1009B07AE /* AppDelegate.swift in Sources */,
			);
			runOnlyForDeploymentPostprocessing = 0;
		};
/* End PBXSourcesBuildPhase section */

/* Begin PBXVariantGroup section */
		07F4B1C92285EFE1009B07AE /* Main.storyboard */ = {
			isa = PBXVariantGroup;
			children = (
				07F4B1CA2285EFE1009B07AE /* Base */,
			);
			name = Main.storyboard;
			sourceTree = "<group>";
		};
		07F4B1CE2285EFE3009B07AE /* LaunchScreen.storyboard */ = {
			isa = PBXVariantGroup;
			children = (
				07F4B1CF2285EFE3009B07AE /* Base */,
			);
			name = LaunchScreen.storyboard;
			sourceTree = "<group>";
		};
/* End PBXVariantGroup section */

/* Begin XCBuildConfiguration section */
		07F4B1D22285EFE3009B07AE /* Debug */ = {
			isa = XCBuildConfiguration;
			buildSettings = {
				ALWAYS_SEARCH_USER_PATHS = NO;
				CLANG_ANALYZER_NONNULL = YES;
				CLANG_ANALYZER_NUMBER_OBJECT_CONVERSION = YES_AGGRESSIVE;
				CLANG_CXX_LANGUAGE_STANDARD = "gnu++14";
				CLANG_CXX_LIBRARY = "libc++";
				CLANG_ENABLE_MODULES = YES;
				CLANG_ENABLE_OBJC_ARC = YES;
				CLANG_ENABLE_OBJC_WEAK = YES;
				CLANG_WARN_BLOCK_CAPTURE_AUTORELEASING = YES;
				CLANG_WARN_BOOL_CONVERSION = YES;
				CLANG_WARN_COMMA = YES;
				CLANG_WARN_CONSTANT_CONVERSION = YES;
				CLANG_WARN_DEPRECATED_OBJC_IMPLEMENTATIONS = YES;
				CLANG_WARN_DIRECT_OBJC_ISA_USAGE = YES_ERROR;
				CLANG_WARN_DOCUMENTATION_COMMENTS = YES;
				CLANG_WARN_EMPTY_BODY = YES;
				CLANG_WARN_ENUM_CONVERSION = YES;
				CLANG_WARN_INFINITE_RECURSION = YES;
				CLANG_WARN_INT_CONVERSION = YES;
				CLANG_WARN_NON_LITERAL_NULL_CONVERSION = YES;
				CLANG_WARN_OBJC_IMPLICIT_RETAIN_SELF = YES;
				CLANG_WARN_OBJC_LITERAL_CONVERSION = YES;
				CLANG_WARN_OBJC_ROOT_CLASS = YES_ERROR;
				CLANG_WARN_RANGE_LOOP_ANALYSIS = YES;
				CLANG_WARN_STRICT_PROTOTYPES = YES;
				CLANG_WARN_SUSPICIOUS_MOVE = YES;
				CLANG_WARN_UNGUARDED_AVAILABILITY = YES_AGGRESSIVE;
				CLANG_WARN_UNREACHABLE_CODE = YES;
				CLANG_WARN__DUPLICATE_METHOD_MATCH = YES;
				CODE_SIGN_IDENTITY = "iPhone Developer";
				COPY_PHASE_STRIP = NO;
				DEBUG_INFORMATION_FORMAT = dwarf;
				ENABLE_STRICT_OBJC_MSGSEND = YES;
				ENABLE_TESTABILITY = YES;
				GCC_C_LANGUAGE_STANDARD = gnu11;
				GCC_DYNAMIC_NO_PIC = NO;
				GCC_NO_COMMON_BLOCKS = YES;
				GCC_OPTIMIZATION_LEVEL = 0;
				GCC_PREPROCESSOR_DEFINITIONS = (
					"DEBUG=1",
					"$(inherited)",
				);
				GCC_WARN_64_TO_32_BIT_CONVERSION = YES;
				GCC_WARN_ABOUT_RETURN_TYPE = YES_ERROR;
				GCC_WARN_UNDECLARED_SELECTOR = YES;
				GCC_WARN_UNINITIALIZED_AUTOS = YES_AGGRESSIVE;
				GCC_WARN_UNUSED_FUNCTION = YES;
				GCC_WARN_UNUSED_VARIABLE = YES;
				IPHONEOS_DEPLOYMENT_TARGET = 12.2;
				MTL_ENABLE_DEBUG_INFO = INCLUDE_SOURCE;
				MTL_FAST_MATH = YES;
				ONLY_ACTIVE_ARCH = YES;
				SDKROOT = iphoneos;
				SWIFT_ACTIVE_COMPILATION_CONDITIONS = DEBUG;
				SWIFT_OPTIMIZATION_LEVEL = "-Onone";
			};
			name = Debug;
		};
		07F4B1D32285EFE3009B07AE /* Release */ = {
			isa = XCBuildConfiguration;
			buildSettings = {
				ALWAYS_SEARCH_USER_PATHS = NO;
				CLANG_ANALYZER_NONNULL = YES;
				CLANG_ANALYZER_NUMBER_OBJECT_CONVERSION = YES_AGGRESSIVE;
				CLANG_CXX_LANGUAGE_STANDARD = "gnu++14";
				CLANG_CXX_LIBRARY = "libc++";
				CLANG_ENABLE_MODULES = YES;
				CLANG_ENABLE_OBJC_ARC = YES;
				CLANG_ENABLE_OBJC_WEAK = YES;
				CLANG_WARN_BLOCK_CAPTURE_AUTORELEASING = YES;
				CLANG_WARN_BOOL_CONVERSION = YES;
				CLANG_WARN_COMMA = YES;
				CLANG_WARN_CONSTANT_CONVERSION = YES;
				CLANG_WARN_DEPRECATED_OBJC_IMPLEMENTATIONS = YES;
				CLANG_WARN_DIRECT_OBJC_ISA_USAGE = YES_ERROR;
				CLANG_WARN_DOCUMENTATION_COMMENTS = YES;
				CLANG_WARN_EMPTY_BODY = YES;
				CLANG_WARN_ENUM_CONVERSION = YES;
				CLANG_WARN_INFINITE_RECURSION = YES;
				CLANG_WARN_INT_CONVERSION = YES;
				CLANG_WARN_NON_LITERAL_NULL_CONVERSION = YES;
				CLANG_WARN_OBJC_IMPLICIT_RETAIN_SELF = YES;
				CLANG_WARN_OBJC_LITERAL_CONVERSION = YES;
				CLANG_WARN_OBJC_ROOT_CLASS = YES_ERROR;
				CLANG_WARN_RANGE_LOOP_ANALYSIS = YES;
				CLANG_WARN_STRICT_PROTOTYPES = YES;
				CLANG_WARN_SUSPICIOUS_MOVE = YES;
				CLANG_WARN_UNGUARDED_AVAILABILITY = YES_AGGRESSIVE;
				CLANG_WARN_UNREACHABLE_CODE = YES;
				CLANG_WARN__DUPLICATE_METHOD_MATCH = YES;
				CODE_SIGN_IDENTITY = "iPhone Developer";
				COPY_PHASE_STRIP = NO;
				DEBUG_INFORMATION_FORMAT = "dwarf-with-dsym";
				ENABLE_NS_ASSERTIONS = NO;
				ENABLE_STRICT_OBJC_MSGSEND = YES;
				GCC_C_LANGUAGE_STANDARD = gnu11;
				GCC_NO_COMMON_BLOCKS = YES;
				GCC_WARN_64_TO_32_BIT_CONVERSION = YES;
				GCC_WARN_ABOUT_RETURN_TYPE = YES_ERROR;
				GCC_WARN_UNDECLARED_SELECTOR = YES;
				GCC_WARN_UNINITIALIZED_AUTOS = YES_AGGRESSIVE;
				GCC_WARN_UNUSED_FUNCTION = YES;
				GCC_WARN_UNUSED_VARIABLE = YES;
				IPHONEOS_DEPLOYMENT_TARGET = 12.2;
				MTL_ENABLE_DEBUG_INFO = NO;
				MTL_FAST_MATH = YES;
				SDKROOT = iphoneos;
				SWIFT_COMPILATION_MODE = wholemodule;
				SWIFT_OPTIMIZATION_LEVEL = "-O";
				VALIDATE_PRODUCT = YES;
			};
			name = Release;
		};
		07F4B1D52285EFE3009B07AE /* Debug */ = {
			isa = XCBuildConfiguration;
			baseConfigurationReference = C407C5400B0CE528C5B9FDE6 /* Pods-ChatApp.debug.xcconfig */;
			buildSettings = {
				ASSETCATALOG_COMPILER_APPICON_NAME = AppIcon;
				CODE_SIGN_STYLE = Automatic;
				DEVELOPMENT_TEAM = T3746P4E48;
				INFOPLIST_FILE = ChatApp/Info.plist;
				LD_RUNPATH_SEARCH_PATHS = (
					"$(inherited)",
					"@executable_path/Frameworks",
				);
				PRODUCT_BUNDLE_IDENTIFIER = com.ericag.ChatApp;
				PRODUCT_NAME = "$(TARGET_NAME)";
				SWIFT_VERSION = 5.0;
				TARGETED_DEVICE_FAMILY = "1,2";
			};
			name = Debug;
		};
		07F4B1D62285EFE3009B07AE /* Release */ = {
			isa = XCBuildConfiguration;
			baseConfigurationReference = 7AC151E0419738A131F48958 /* Pods-ChatApp.release.xcconfig */;
			buildSettings = {
				ASSETCATALOG_COMPILER_APPICON_NAME = AppIcon;
				CODE_SIGN_STYLE = Automatic;
				DEVELOPMENT_TEAM = T3746P4E48;
				INFOPLIST_FILE = ChatApp/Info.plist;
				LD_RUNPATH_SEARCH_PATHS = (
					"$(inherited)",
					"@executable_path/Frameworks",
				);
				PRODUCT_BUNDLE_IDENTIFIER = com.ericag.ChatApp;
				PRODUCT_NAME = "$(TARGET_NAME)";
				SWIFT_VERSION = 5.0;
				TARGETED_DEVICE_FAMILY = "1,2";
			};
			name = Release;
		};
/* End XCBuildConfiguration section */

/* Begin XCConfigurationList section */
		07F4B1BD2285EFE1009B07AE /* Build configuration list for PBXProject "ChatApp" */ = {
			isa = XCConfigurationList;
			buildConfigurations = (
				07F4B1D22285EFE3009B07AE /* Debug */,
				07F4B1D32285EFE3009B07AE /* Release */,
			);
			defaultConfigurationIsVisible = 0;
			defaultConfigurationName = Release;
		};
		07F4B1D42285EFE3009B07AE /* Build configuration list for PBXNativeTarget "ChatApp" */ = {
			isa = XCConfigurationList;
			buildConfigurations = (
				07F4B1D52285EFE3009B07AE /* Debug */,
				07F4B1D62285EFE3009B07AE /* Release */,
			);
			defaultConfigurationIsVisible = 0;
			defaultConfigurationName = Release;
		};
/* End XCConfigurationList section */
	};
	rootObject = 07F4B1BA2285EFE1009B07AE /* Project object */;
}
